
Microsoft Visual Studio Solution File, Format Version 12.00
# Visual Studio 15
VisualStudioVersion = 15.0.27703.2047
MinimumVisualStudioVersion = 10.0.40219.1
Project("{FAE04EC0-301F-11D3-BF4B-00C04F79EFBC}") = "FB", "FB\FB.csproj", "{539F72B4-9CB3-41BE-A8E4-D7BE60C06006}"
EndProject
Global
	GlobalSection(SolutionConfigurationPlatforms) = preSolution
		Debug|Any CPU = Debug|Any CPU
		Release|Any CPU = Release|Any CPU
	EndGlobalSection
	GlobalSection(ProjectConfigurationPlatforms) = postSolution
		{539F72B4-9CB3-41BE-A8E4-D7BE60C06006}.Debug|Any CPU.ActiveCfg = Debug|Any CPU
		{539F72B4-9CB3-41BE-A8E4-D7BE60C06006}.Debug|Any CPU.Build.0 = Debug|Any CPU
		{539F72B4-9CB3-41BE-A8E4-D7BE60C06006}.Release|Any CPU.ActiveCfg = Release|Any CPU
		{539F72B4-9CB3-41BE-A8E4-D7BE60C06006}.Release|Any CPU.Build.0 = Release|Any CPU
	EndGlobalSection
	GlobalSection(SolutionProperties) = preSolution
		HideSolutionNode = FALSE
	EndGlobalSection
	GlobalSection(ExtensibilityGlobals) = postSolution
		SolutionGuid = {C4C3C93A-9C79-430F-ADE0-227ED4959080}
	EndGlobalSection
EndGlobal
